
Microsoft Visual Studio Solution File, Format Version 12.00
# Visual Studio Version 17
VisualStudioVersion = 17.7.34031.279
MinimumVisualStudioVersion = 10.0.40219.1
Project("{FAE04EC0-301F-11D3-BF4B-00C04F79EFBC}") = "HttpClientAppp", "HttpClientAppp\HttpClientAppp.csproj", "{DC9C7019-0105-45C0-8F5C-792717AAC513}"
EndProject
Global
	GlobalSection(SolutionConfigurationPlatforms) = preSolution
		Debug|Any CPU = Debug|Any CPU
		Release|Any CPU = Release|Any CPU
	EndGlobalSection
	GlobalSection(ProjectConfigurationPlatforms) = postSolution
		{DC9C7019-0105-45C0-8F5C-792717AAC513}.Debug|Any CPU.ActiveCfg = Debug|Any CPU
		{DC9C7019-0105-45C0-8F5C-792717AAC513}.Debug|Any CPU.Build.0 = Debug|Any CPU
		{DC9C7019-0105-45C0-8F5C-792717AAC513}.Release|Any CPU.ActiveCfg = Release|Any CPU
		{DC9C7019-0105-45C0-8F5C-792717AAC513}.Release|Any CPU.Build.0 = Release|Any CPU
	EndGlobalSection
	GlobalSection(SolutionProperties) = preSolution
		HideSolutionNode = FALSE
	EndGlobalSection
	GlobalSection(ExtensibilityGlobals) = postSolution
		SolutionGuid = {13DC9FA7-DAE0-4D8B-9CDA-078A0AB6D6AD}
	EndGlobalSection
EndGlobal
